
Microsoft Visual Studio Solution File, Format Version 11.00
# Visual Studio 2010
# SharpDevelop 5.1
Project("{FAE04EC0-301F-11D3-BF4B-00C04F79EFBC}") = "Sharp-Weather", "Sharp-Weather\Sharp-Weather.csproj", "{B42B310C-85F7-4F63-A388-F832EC77E454}"
EndProject
Global
	GlobalSection(SolutionConfigurationPlatforms) = preSolution
		Debug|Any CPU = Debug|Any CPU
		Release|Any CPU = Release|Any CPU
	EndGlobalSection
	GlobalSection(ProjectConfigurationPlatforms) = postSolution
		{B42B310C-85F7-4F63-A388-F832EC77E454}.Debug|Any CPU.ActiveCfg = Debug|Any CPU
		{B42B310C-85F7-4F63-A388-F832EC77E454}.Debug|Any CPU.Build.0 = Debug|Any CPU
		{B42B310C-85F7-4F63-A388-F832EC77E454}.Release|Any CPU.ActiveCfg = Release|Any CPU
		{B42B310C-85F7-4F63-A388-F832EC77E454}.Release|Any CPU.Build.0 = Release|Any CPU
	EndGlobalSection
EndGlobal
